
Microsoft Visual Studio Solution File, Format Version 12.00
# Visual Studio Version 17
VisualStudioVersion = 17.6.33815.320
MinimumVisualStudioVersion = 10.0.40219.1
Project("{FAE04EC0-301F-11D3-BF4B-00C04F79EFBC}") = "GoStudyApp.Android", "GoStudyApp\GoStudyApp.Android\GoStudyApp.Android.csproj", "{3E2DADBE-76E5-4566-815B-F1768B12D837}"
EndProject
Project("{FAE04EC0-301F-11D3-BF4B-00C04F79EFBC}") = "GoStudyApp.iOS", "GoStudyApp\GoStudyApp.iOS\GoStudyApp.iOS.csproj", "{4F393CA9-B6FD-4927-AD32-C6D5BEF27047}"
EndProject
Project("{FAE04EC0-301F-11D3-BF4B-00C04F79EFBC}") = "GoStudyApp", "GoStudyApp\GoStudyApp\GoStudyApp.csproj", "{BBEB78F6-D627-4025-9059-AB89AB544796}"
EndProject
Global
	GlobalSection(SolutionConfigurationPlatforms) = preSolution
		Debug|Any CPU = Debug|Any CPU
		Debug|iPhone = Debug|iPhone
		Debug|iPhoneSimulator = Debug|iPhoneSimulator
		Release|Any CPU = Release|Any CPU
		Release|iPhone = Release|iPhone
		Release|iPhoneSimulator = Release|iPhoneSimulator
	EndGlobalSection
	GlobalSection(ProjectConfigurationPlatforms) = postSolution
		{3E2DADBE-76E5-4566-815B-F1768B12D837}.Debug|Any CPU.ActiveCfg = Debug|Any CPU
		{3E2DADBE-76E5-4566-815B-F1768B12D837}.Debug|Any CPU.Build.0 = Debug|Any CPU
		{3E2DADBE-76E5-4566-815B-F1768B12D837}.Debug|Any CPU.Deploy.0 = Debug|Any CPU
		{3E2DADBE-76E5-4566-815B-F1768B12D837}.Debug|iPhone.ActiveCfg = Debug|Any CPU
		{3E2DADBE-76E5-4566-815B-F1768B12D837}.Debug|iPhone.Build.0 = Debug|Any CPU
		{3E2DADBE-76E5-4566-815B-F1768B12D837}.Debug|iPhone.Deploy.0 = Debug|Any CPU
		{3E2DADBE-76E5-4566-815B-F1768B12D837}.Debug|iPhoneSimulator.ActiveCfg = Debug|Any CPU
		{3E2DADBE-76E5-4566-815B-F1768B12D837}.Debug|iPhoneSimulator.Build.0 = Debug|Any CPU
		{3E2DADBE-76E5-4566-815B-F1768B12D837}.Debug|iPhoneSimulator.Deploy.0 = Debug|Any CPU
		{3E2DADBE-76E5-4566-815B-F1768B12D837}.Release|Any CPU.ActiveCfg = Release|Any CPU
		{3E2DADBE-76E5-4566-815B-F1768B12D837}.Release|Any CPU.Build.0 = Release|Any CPU
		{3E2DADBE-76E5-4566-815B-F1768B12D837}.Release|Any CPU.Deploy.0 = Release|Any CPU
		{3E2DADBE-76E5-4566-815B-F1768B12D837}.Release|iPhone.ActiveCfg = Release|Any CPU
		{3E2DADBE-76E5-4566-815B-F1768B12D837}.Release|iPhone.Build.0 = Release|Any CPU
		{3E2DADBE-76E5-4566-815B-F1768B12D837}.Release|iPhone.Deploy.0 = Release|Any CPU
		{3E2DADBE-76E5-4566-815B-F1768B12D837}.Release|iPhoneSimulator.ActiveCfg = Release|Any CPU
		{3E2DADBE-76E5-4566-815B-F1768B12D837}.Release|iPhoneSimulator.Build.0 = Release|Any CPU
		{3E2DADBE-76E5-4566-815B-F1768B12D837}.Release|iPhoneSimulator.Deploy.0 = Release|Any CPU
		{4F393CA9-B6FD-4927-AD32-C6D5BEF27047}.Debug|Any CPU.ActiveCfg = Debug|iPhone
		{4F393CA9-B6FD-4927-AD32-C6D5BEF27047}.Debug|Any CPU.Build.0 = Debug|iPhone
		{4F393CA9-B6FD-4927-AD32-C6D5BEF27047}.Debug|Any CPU.Deploy.0 = Debug|iPhone
		{4F393CA9-B6FD-4927-AD32-C6D5BEF27047}.Debug|iPhone.ActiveCfg = Debug|iPhone
		{4F393CA9-B6FD-4927-AD32-C6D5BEF27047}.Debug|iPhone.Build.0 = Debug|iPhone
		{4F393CA9-B6FD-4927-AD32-C6D5BEF27047}.Debug|iPhone.Deploy.0 = Debug|iPhone
		{4F393CA9-B6FD-4927-AD32-C6D5BEF27047}.Debug|iPhoneSimulator.ActiveCfg = Debug|iPhoneSimulator
		{4F393CA9-B6FD-4927-AD32-C6D5BEF27047}.Debug|iPhoneSimulator.Build.0 = Debug|iPhoneSimulator
		{4F393CA9-B6FD-4927-AD32-C6D5BEF27047}.Debug|iPhoneSimulator.Deploy.0 = Debug|iPhoneSimulator
		{4F393CA9-B6FD-4927-AD32-C6D5BEF27047}.Release|Any CPU.ActiveCfg = Release|iPhoneSimulator
		{4F393CA9-B6FD-4927-AD32-C6D5BEF27047}.Release|Any CPU.Build.0 = Release|iPhoneSimulator
		{4F393CA9-B6FD-4927-AD32-C6D5BEF27047}.Release|Any CPU.Deploy.0 = Release|iPhoneSimulator
		{4F393CA9-B6FD-4927-AD32-C6D5BEF27047}.Release|iPhone.ActiveCfg = Release|iPhone
		{4F393CA9-B6FD-4927-AD32-C6D5BEF27047}.Release|iPhone.Build.0 = Release|iPhone
		{4F393CA9-B6FD-4927-AD32-C6D5BEF27047}.Release|iPhone.Deploy.0 = Release|iPhone
		{4F393CA9-B6FD-4927-AD32-C6D5BEF27047}.Release|iPhoneSimulator.ActiveCfg = Release|iPhoneSimulator
		{4F393CA9-B6FD-4927-AD32-C6D5BEF27047}.Release|iPhoneSimulator.Build.0 = Release|iPhoneSimulator
		{4F393CA9-B6FD-4927-AD32-C6D5BEF27047}.Release|iPhoneSimulator.Deploy.0 = Release|iPhoneSimulator
		{BBEB78F6-D627-4025-9059-AB89AB544796}.Debug|Any CPU.ActiveCfg = Debug|Any CPU
		{BBEB78F6-D627-4025-9059-AB89AB544796}.Debug|Any CPU.Build.0 = Debug|Any CPU
		{BBEB78F6-D627-4025-9059-AB89AB544796}.Debug|Any CPU.Deploy.0 = Debug|Any CPU
		{BBEB78F6-D627-4025-9059-AB89AB544796}.Debug|iPhone.ActiveCfg = Debug|Any CPU
		{BBEB78F6-D627-4025-9059-AB89AB544796}.Debug|iPhone.Build.0 = Debug|Any CPU
		{BBEB78F6-D627-4025-9059-AB89AB544796}.Debug|iPhone.Deploy.0 = Debug|Any CPU
		{BBEB78F6-D627-4025-9059-AB89AB544796}.Debug|iPhoneSimulator.ActiveCfg = Debug|Any CPU
		{BBEB78F6-D627-4025-9059-AB89AB544796}.Debug|iPhoneSimulator.Build.0 = Debug|Any CPU
		{BBEB78F6-D627-4025-9059-AB89AB544796}.Debug|iPhoneSimulator.Deploy.0 = Debug|Any CPU
		{BBEB78F6-D627-4025-9059-AB89AB544796}.Release|Any CPU.ActiveCfg = Release|Any CPU
		{BBEB78F6-D627-4025-9059-AB89AB544796}.Release|Any CPU.Build.0 = Release|Any CPU
		{BBEB78F6-D627-4025-9059-AB89AB544796}.Release|Any CPU.Deploy.0 = Release|Any CPU
		{BBEB78F6-D627-4025-9059-AB89AB544796}.Release|iPhone.ActiveCfg = Release|Any CPU
		{BBEB78F6-D627-4025-9059-AB89AB544796}.Release|iPhone.Build.0 = Release|Any CPU
		{BBEB78F6-D627-4025-9059-AB89AB544796}.Release|iPhone.Deploy.0 = Release|Any CPU
		{BBEB78F6-D627-4025-9059-AB89AB544796}.Release|iPhoneSimulator.ActiveCfg = Release|Any CPU
		{BBEB78F6-D627-4025-9059-AB89AB544796}.Release|iPhoneSimulator.Build.0 = Release|Any CPU
		{BBEB78F6-D627-4025-9059-AB89AB544796}.Release|iPhoneSimulator.Deploy.0 = Release|Any CPU
	EndGlobalSection
	GlobalSection(SolutionProperties) = preSolution
		HideSolutionNode = FALSE
	EndGlobalSection
	GlobalSection(ExtensibilityGlobals) = postSolution
		SolutionGuid = {3B0A55D7-F923-4BB9-869B-50225093E605}
	EndGlobalSection
EndGlobal
